// !$*UTF8*$!
{
	archiveVersion = 1;
	classes = {
	};
	objectVersion = 48;
	objects = {

/* Begin PBXBuildFile section */
		AA6D88E0209C429F007A6D97 /* AppDelegate.swift in Sources */ = {isa = PBXBuildFile; fileRef = AA6D88DF209C429F007A6D97 /* AppDelegate.swift */; };
		AA6D88E2209C429F007A6D97 /* ViewController.swift in Sources */ = {isa = PBXBuildFile; fileRef = AA6D88E1209C429F007A6D97 /* ViewController.swift */; };
		AA6D88E5209C429F007A6D97 /* Main.storyboard in Resources */ = {isa = PBXBuildFile; fileRef = AA6D88E3209C429F007A6D97 /* Main.storyboard */; };
		AA6D88E7209C429F007A6D97 /* Assets.xcassets in Resources */ = {isa = PBXBuildFile; fileRef = AA6D88E6209C429F007A6D97 /* Assets.xcassets */; };
		AA6D88EA209C429F007A6D97 /* LaunchScreen.storyboard in Resources */ = {isa = PBXBuildFile; fileRef = AA6D88E8209C429F007A6D97 /* LaunchScreen.storyboard */; };
		AA6D88F2209C438B007A6D97 /* SecondViewController.swift in Sources */ = {isa = PBXBuildFile; fileRef = AA6D88F1209C438B007A6D97 /* SecondViewController.swift */; };
/* End PBXBuildFile section */

/* Begin PBXFileReference section */
		AA6D88DC209C429F007A6D97 /* PassDataFromSegue.app */ = {isa = PBXFileReference; explicitFileType = wrapper.application; includeInIndex = 0; path = PassDataFromSegue.app; sourceTree = BUILT_PRODUCTS_DIR; };
		AA6D88DF209C429F007A6D97 /* AppDelegate.swift */ = {isa = PBXFileReference; lastKnownFileType = sourcecode.swift; path = AppDelegate.swift; sourceTree = "<group>"; };
		AA6D88E1209C429F007A6D97 /* ViewController.swift */ = {isa = PBXFileReference; lastKnownFileType = sourcecode.swift; path = ViewController.swift; sourceTree = "<group>"; };
		AA6D88E4209C429F007A6D97 /* Base */ = {isa = PBXFileReference; lastKnownFileType = file.storyboard; name = Base; path = Base.lproj/Main.storyboard; sourceTree = "<group>"; };
		AA6D88E6209C429F007A6D97 /* Assets.xcassets */ = {isa = PBXFileReference; lastKnownFileType = folder.assetcatalog; path = Assets.xcassets; sourceTree = "<group>"; };
		AA6D88E9209C429F007A6D97 /* Base */ = {isa = PBXFileReference; lastKnownFileType = file.storyboard; name = Base; path = Base.lproj/LaunchScreen.storyboard; sourceTree = "<group>"; };
		AA6D88EB209C429F007A6D97 /* Info.plist */ = {isa = PBXFileReference; lastKnownFileType = text.plist.xml; path = Info.plist; sourceTree = "<group>"; };
		AA6D88F1209C438B007A6D97 /* SecondViewController.swift */ = {isa = PBXFileReference; lastKnownFileType = sourcecode.swift; path = SecondViewController.swift; sourceTree = "<group>"; };
/* End PBXFileReference section */

/* Begin PBXFrameworksBuildPhase section */
		AA6D88D9209C429F007A6D97 /* Frameworks */ = {
			isa = PBXFrameworksBuildPhase;
			buildActionMask = 2147483647;
			files = (
			);
			runOnlyForDeploymentPostprocessing = 0;
		};
/* End PBXFrameworksBuildPhase section */

/* Begin PBXGroup section */
		AA6D88D3209C429F007A6D97 = {
			isa = PBXGroup;
			children = (
				AA6D88DE209C429F007A6D97 /* PassDataFromSegue */,
				AA6D88DD209C429F007A6D97 /* Products */,
			);
			sourceTree = "<group>";
		};
		AA6D88DD209C429F007A6D97 /* Products */ = {
			isa = PBXGroup;
			children = (
				AA6D88DC209C429F007A6D97 /* PassDataFromSegue.app */,
			);
			name = Products;
			sourceTree = "<group>";
		};
		AA6D88DE209C429F007A6D97 /* PassDataFromSegue */ = {
			isa = PBXGroup;
			children = (
				AA6D88DF209C429F007A6D97 /* AppDelegate.swift */,
				AA6D88E1209C429F007A6D97 /* ViewController.swift */,
				AA6D88E3209C429F007A6D97 /* Main.storyboard */,
				AA6D88F1209C438B007A6D97 /* SecondViewController.swift */,
				AA6D88E6209C429F007A6D97 /* Assets.xcassets */,
				AA6D88E8209C429F007A6D97 /* LaunchScreen.storyboard */,
				AA6D88EB209C429F007A6D97 /* Info.plist */,
			);
			path = PassDataFromSegue;
			sourceTree = "<group>";
		};
/* End PBXGroup section */

/* Begin PBXNativeTarget section */
		AA6D88DB209C429F007A6D97 /* PassDataFromSegue */ = {
			isa = PBXNativeTarget;
			buildConfigurationList = AA6D88EE209C429F007A6D97 /* Build configuration list for PBXNativeTarget "PassDataFromSegue" */;
			buildPhases = (
				AA6D88D8209C429F007A6D97 /* Sources */,
				AA6D88D9209C429F007A6D97 /* Frameworks */,
				AA6D88DA209C429F007A6D97 /* Resources */,
			);
			buildRules = (
			);
			dependencies = (
			);
			name = PassDataFromSegue;
			productName = PassDataFromSegue;
			productReference = AA6D88DC209C429F007A6D97 /* PassDataFromSegue.app */;
			productType = "com.apple.product-type.application";
		};
/* End PBXNativeTarget section */

/* Begin PBXProject section */
		AA6D88D4209C429F007A6D97 /* Project object */ = {
			isa = PBXProject;
			attributes = {
				LastSwiftUpdateCheck = 0920;
				LastUpgradeCheck = 0920;
				ORGANIZATIONNAME = "tham gia huy";
				TargetAttributes = {
					AA6D88DB209C429F007A6D97 = {
						CreatedOnToolsVersion = 9.2;
						ProvisioningStyle = Automatic;
					};
				};
			};
			buildConfigurationList = AA6D88D7209C429F007A6D97 /* Build configuration list for PBXProject "PassDataFromSegue" */;
			compatibilityVersion = "Xcode 8.0";
			developmentRegion = en;
			hasScannedForEncodings = 0;
			knownRegions = (
				en,
				Base,
			);
			mainGroup = AA6D88D3209C429F007A6D97;
			productRefGroup = AA6D88DD209C429F007A6D97 /* Products */;
			projectDirPath = "";
			projectRoot = "";
			targets = (
				AA6D88DB209C429F007A6D97 /* PassDataFromSegue */,
			);
		};
/* End PBXProject section */

/* Begin PBXResourcesBuildPhase section */
		AA6D88DA209C429F007A6D97 /* Resources */ = {
			isa = PBXResourcesBuildPhase;
			buildActionMask = 2147483647;
			files = (
				AA6D88EA209C429F007A6D97 /* LaunchScreen.storyboard in Resources */,
				AA6D88E7209C429F007A6D97 /* Assets.xcassets in Resources */,
				AA6D88E5209C429F007A6D97 /* Main.storyboard in Resources */,
			);
			runOnlyForDeploymentPostprocessing = 0;
		};
/* End PBXResourcesBuildPhase section */

/* Begin PBXSourcesBuildPhase section */
		AA6D88D8209C429F007A6D97 /* Sources */ = {
			isa = PBXSourcesBuildPhase;
			buildActionMask = 2147483647;
			files = (
				AA6D88F2209C438B007A6D97 /* SecondViewController.swift in Sources */,
				AA6D88E2209C429F007A6D97 /* ViewController.swift in Sources */,
				AA6D88E0209C429F007A6D97 /* AppDelegate.swift in Sources */,
			);
			runOnlyForDeploymentPostprocessing = 0;
		};
/* End PBXSourcesBuildPhase section */

/* Begin PBXVariantGroup section */
		AA6D88E3209C429F007A6D97 /* Main.storyboard */ = {
			isa = PBXVariantGroup;
			children = (
				AA6D88E4209C429F007A6D97 /* Base */,
			);
			name = Main.storyboard;
			sourceTree = "<group>";
		};
		AA6D88E8209C429F007A6D97 /* LaunchScreen.storyboard */ = {
			isa = PBXVariantGroup;
			children = (
				AA6D88E9209C429F007A6D97 /* Base */,
			);
			name = LaunchScreen.storyboard;
			sourceTree = "<group>";
		};
/* End PBXVariantGroup section */

/* Begin XCBuildConfiguration section */
		AA6D88EC209C429F007A6D97 /* Debug */ = {
			isa = XCBuildConfiguration;
			buildSettings = {
				ALWAYS_SEARCH_USER_PATHS = NO;
				CLANG_ANALYZER_NONNULL = YES;
				CLANG_ANALYZER_NUMBER_OBJECT_CONVERSION = YES_AGGRESSIVE;
				CLANG_CXX_LANGUAGE_STANDARD = "gnu++14";
				CLANG_CXX_LIBRARY = "libc++";
				CLANG_ENABLE_MODULES = YES;
				CLANG_ENABLE_OBJC_ARC = YES;
				CLANG_WARN_BLOCK_CAPTURE_AUTORELEASING = YES;
				CLANG_WARN_BOOL_CONVERSION = YES;
				CLANG_WARN_COMMA = YES;
				CLANG_WARN_CONSTANT_CONVERSION = YES;
				CLANG_WARN_DIRECT_OBJC_ISA_USAGE = YES_ERROR;
				CLANG_WARN_DOCUMENTATION_COMMENTS = YES;
				CLANG_WARN_EMPTY_BODY = YES;
				CLANG_WARN_ENUM_CONVERSION = YES;
				CLANG_WARN_INFINITE_RECURSION = YES;
				CLANG_WARN_INT_CONVERSION = YES;
				CLANG_WARN_NON_LITERAL_NULL_CONVERSION = YES;
				CLANG_WARN_OBJC_LITERAL_CONVERSION = YES;
				CLANG_WARN_OBJC_ROOT_CLASS = YES_ERROR;
				CLANG_WARN_RANGE_LOOP_ANALYSIS = YES;
				CLANG_WARN_STRICT_PROTOTYPES = YES;
				CLANG_WARN_SUSPICIOUS_MOVE = YES;
				CLANG_WARN_UNGUARDED_AVAILABILITY = YES_AGGRESSIVE;
				CLANG_WARN_UNREACHABLE_CODE = YES;
				CLANG_WARN__DUPLICATE_METHOD_MATCH = YES;
				CODE_SIGN_IDENTITY = "iPhone Developer";
				COPY_PHASE_STRIP = NO;
				DEBUG_INFORMATION_FORMAT = dwarf;
				ENABLE_STRICT_OBJC_MSGSEND = YES;
				ENABLE_TESTABILITY = YES;
				GCC_C_LANGUAGE_STANDARD = gnu11;
				GCC_DYNAMIC_NO_PIC = NO;
				GCC_NO_COMMON_BLOCKS = YES;
				GCC_OPTIMIZATION_LEVEL = 0;
				GCC_PREPROCESSOR_DEFINITIONS = (
					"DEBUG=1",
					"$(inherited)",
				);
				GCC_WARN_64_TO_32_BIT_CONVERSION = YES;
				GCC_WARN_ABOUT_RETURN_TYPE = YES_ERROR;
				GCC_WARN_UNDECLARED_SELECTOR = YES;
				GCC_WARN_UNINITIALIZED_AUTOS = YES_AGGRESSIVE;
				GCC_WARN_UNUSED_FUNCTION = YES;
				GCC_WARN_UNUSED_VARIABLE = YES;
				IPHONEOS_DEPLOYMENT_TARGET = 11.2;
				MTL_ENABLE_DEBUG_INFO = YES;
				ONLY_ACTIVE_ARCH = YES;
				SDKROOT = iphoneos;
				SWIFT_ACTIVE_COMPILATION_CONDITIONS = DEBUG;
				SWIFT_OPTIMIZATION_LEVEL = "-Onone";
			};
			name = Debug;
		};
		AA6D88ED209C429F007A6D97 /* Release */ = {
			isa = XCBuildConfiguration;
			buildSettings = {
				ALWAYS_SEARCH_USER_PATHS = NO;
				CLANG_ANALYZER_NONNULL = YES;
				CLANG_ANALYZER_NUMBER_OBJECT_CONVERSION = YES_AGGRESSIVE;
				CLANG_CXX_LANGUAGE_STANDARD = "gnu++14";
				CLANG_CXX_LIBRARY = "libc++";
				CLANG_ENABLE_MODULES = YES;
				CLANG_ENABLE_OBJC_ARC = YES;
				CLANG_WARN_BLOCK_CAPTURE_AUTORELEASING = YES;
				CLANG_WARN_BOOL_CONVERSION = YES;
				CLANG_WARN_COMMA = YES;
				CLANG_WARN_CONSTANT_CONVERSION = YES;
				CLANG_WARN_DIRECT_OBJC_ISA_USAGE = YES_ERROR;
				CLANG_WARN_DOCUMENTATION_COMMENTS = YES;
				CLANG_WARN_EMPTY_BODY = YES;
				CLANG_WARN_ENUM_CONVERSION = YES;
				CLANG_WARN_INFINITE_RECURSION = YES;
				CLANG_WARN_INT_CONVERSION = YES;
				CLANG_WARN_NON_LITERAL_NULL_CONVERSION = YES;
				CLANG_WARN_OBJC_LITERAL_CONVERSION = YES;
				CLANG_WARN_OBJC_ROOT_CLASS = YES_ERROR;
				CLANG_WARN_RANGE_LOOP_ANALYSIS = YES;
				CLANG_WARN_STRICT_PROTOTYPES = YES;
				CLANG_WARN_SUSPICIOUS_MOVE = YES;
				CLANG_WARN_UNGUARDED_AVAILABILITY = YES_AGGRESSIVE;
				CLANG_WARN_UNREACHABLE_CODE = YES;
				CLANG_WARN__DUPLICATE_METHOD_MATCH = YES;
				CODE_SIGN_IDENTITY = "iPhone Developer";
				COPY_PHASE_STRIP = NO;
				DEBUG_INFORMATION_FORMAT = "dwarf-with-dsym";
				ENABLE_NS_ASSERTIONS = NO;
				ENABLE_STRICT_OBJC_MSGSEND = YES;
				GCC_C_LANGUAGE_STANDARD = gnu11;
				GCC_NO_COMMON_BLOCKS = YES;
				GCC_WARN_64_TO_32_BIT_CONVERSION = YES;
				GCC_WARN_ABOUT_RETURN_TYPE = YES_ERROR;
				GCC_WARN_UNDECLARED_SELECTOR = YES;
				GCC_WARN_UNINITIALIZED_AUTOS = YES_AGGRESSIVE;
				GCC_WARN_UNUSED_FUNCTION = YES;
				GCC_WARN_UNUSED_VARIABLE = YES;
				IPHONEOS_DEPLOYMENT_TARGET = 11.2;
				MTL_ENABLE_DEBUG_INFO = NO;
				SDKROOT = iphoneos;
				SWIFT_OPTIMIZATION_LEVEL = "-Owholemodule";
				VALIDATE_PRODUCT = YES;
			};
			name = Release;
		};
		AA6D88EF209C429F007A6D97 /* Debug */ = {
			isa = XCBuildConfiguration;
			buildSettings = {
				ASSETCATALOG_COMPILER_APPICON_NAME = AppIcon;
				CODE_SIGN_STYLE = Automatic;
				INFOPLIST_FILE = PassDataFromSegue/Info.plist;
				LD_RUNPATH_SEARCH_PATHS = "$(inherited) @executable_path/Frameworks";
				PRODUCT_BUNDLE_IDENTIFIER = huy.PassDataFromSegue;
				PRODUCT_NAME = "$(TARGET_NAME)";
				SWIFT_VERSION = 4.0;
				TARGETED_DEVICE_FAMILY = "1,2";
			};
			name = Debug;
		};
		AA6D88F0209C429F007A6D97 /* Release */ = {
			isa = XCBuildConfiguration;
			buildSettings = {
				ASSETCATALOG_COMPILER_APPICON_NAME = AppIcon;
				CODE_SIGN_STYLE = Automatic;
				INFOPLIST_FILE = PassDataFromSegue/Info.plist;
				LD_RUNPATH_SEARCH_PATHS = "$(inherited) @executable_path/Frameworks";
				PRODUCT_BUNDLE_IDENTIFIER = huy.PassDataFromSegue;
				PRODUCT_NAME = "$(TARGET_NAME)";
				SWIFT_VERSION = 4.0;
				TARGETED_DEVICE_FAMILY = "1,2";
			};
			name = Release;
		};
/* End XCBuildConfiguration section */

/* Begin XCConfigurationList section */
		AA6D88D7209C429F007A6D97 /* Build configuration list for PBXProject "PassDataFromSegue" */ = {
			isa = XCConfigurationList;
			buildConfigurations = (
				AA6D88EC209C429F007A6D97 /* Debug */,
				AA6D88ED209C429F007A6D97 /* Release */,
			);
			defaultConfigurationIsVisible = 0;
			defaultConfigurationName = Release;
		};
		AA6D88EE209C429F007A6D97 /* Build configuration list for PBXNativeTarget "PassDataFromSegue" */ = {
			isa = XCConfigurationList;
			buildConfigurations = (
				AA6D88EF209C429F007A6D97 /* Debug */,
				AA6D88F0209C429F007A6D97 /* Release */,
			);
			defaultConfigurationIsVisible = 0;
			defaultConfigurationName = Release;
		};
/* End XCConfigurationList section */
	};
	rootObject = AA6D88D4209C429F007A6D97 /* Project object */;
}
